// !$*UTF8*$!
{
	archiveVersion = 1;
	classes = {
	};
	objectVersion = 46;
	objects = {

/* Begin PBXBuildFile section */
		37D7B6AA1F45C87600FD89A3 /* AppDelegate.swift in Sources */ = {isa = PBXBuildFile; fileRef = 37D7B6A91F45C87600FD89A3 /* AppDelegate.swift */; };
		37D7B6AC1F45C87600FD89A3 /* ViewController.swift in Sources */ = {isa = PBXBuildFile; fileRef = 37D7B6AB1F45C87600FD89A3 /* ViewController.swift */; };
		37D7B6AF1F45C87600FD89A3 /* Main.storyboard in Resources */ = {isa = PBXBuildFile; fileRef = 37D7B6AD1F45C87600FD89A3 /* Main.storyboard */; };
		37D7B6B11F45C87600FD89A3 /* Assets.xcassets in Resources */ = {isa = PBXBuildFile; fileRef = 37D7B6B01F45C87600FD89A3 /* Assets.xcassets */; };
		37D7B6B41F45C87600FD89A3 /* LaunchScreen.storyboard in Resources */ = {isa = PBXBuildFile; fileRef = 37D7B6B21F45C87600FD89A3 /* LaunchScreen.storyboard */; };
		37D7B6BC1F45C9BD00FD89A3 /* DemoView.swift in Sources */ = {isa = PBXBuildFile; fileRef = 37D7B6BB1F45C9BD00FD89A3 /* DemoView.swift */; };
/* End PBXBuildFile section */

/* Begin PBXFileReference section */
		37D7B6A61F45C87600FD89A3 /* BezierPathDemo.app */ = {isa = PBXFileReference; explicitFileType = wrapper.application; includeInIndex = 0; path = BezierPathDemo.app; sourceTree = BUILT_PRODUCTS_DIR; };
		37D7B6A91F45C87600FD89A3 /* AppDelegate.swift */ = {isa = PBXFileReference; lastKnownFileType = sourcecode.swift; path = AppDelegate.swift; sourceTree = "<group>"; };
		37D7B6AB1F45C87600FD89A3 /* ViewController.swift */ = {isa = PBXFileReference; lastKnownFileType = sourcecode.swift; path = ViewController.swift; sourceTree = "<group>"; };
		37D7B6AE1F45C87600FD89A3 /* Base */ = {isa = PBXFileReference; lastKnownFileType = file.storyboard; name = Base; path = Base.lproj/Main.storyboard; sourceTree = "<group>"; };
		37D7B6B01F45C87600FD89A3 /* Assets.xcassets */ = {isa = PBXFileReference; lastKnownFileType = folder.assetcatalog; path = Assets.xcassets; sourceTree = "<group>"; };
		37D7B6B31F45C87600FD89A3 /* Base */ = {isa = PBXFileReference; lastKnownFileType = file.storyboard; name = Base; path = Base.lproj/LaunchScreen.storyboard; sourceTree = "<group>"; };
		37D7B6B51F45C87600FD89A3 /* Info.plist */ = {isa = PBXFileReference; lastKnownFileType = text.plist.xml; path = Info.plist; sourceTree = "<group>"; };
		37D7B6BB1F45C9BD00FD89A3 /* DemoView.swift */ = {isa = PBXFileReference; fileEncoding = 4; lastKnownFileType = sourcecode.swift; path = DemoView.swift; sourceTree = "<group>"; };
/* End PBXFileReference section */

/* Begin PBXFrameworksBuildPhase section */
		37D7B6A31F45C87600FD89A3 /* Frameworks */ = {
			isa = PBXFrameworksBuildPhase;
			buildActionMask = 2147483647;
			files = (
			);
			runOnlyForDeploymentPostprocessing = 0;
		};
/* End PBXFrameworksBuildPhase section */

/* Begin PBXGroup section */
		37D7B69D1F45C87600FD89A3 = {
			isa = PBXGroup;
			children = (
				37D7B6A81F45C87600FD89A3 /* BezierPathDemo */,
				37D7B6A71F45C87600FD89A3 /* Products */,
			);
			sourceTree = "<group>";
		};
		37D7B6A71F45C87600FD89A3 /* Products */ = {
			isa = PBXGroup;
			children = (
				37D7B6A61F45C87600FD89A3 /* BezierPathDemo.app */,
			);
			name = Products;
			sourceTree = "<group>";
		};
		37D7B6A81F45C87600FD89A3 /* BezierPathDemo */ = {
			isa = PBXGroup;
			children = (
				37D7B6A91F45C87600FD89A3 /* AppDelegate.swift */,
				37D7B6AB1F45C87600FD89A3 /* ViewController.swift */,
				37D7B6AD1F45C87600FD89A3 /* Main.storyboard */,
				37D7B6B01F45C87600FD89A3 /* Assets.xcassets */,
				37D7B6B21F45C87600FD89A3 /* LaunchScreen.storyboard */,
				37D7B6B51F45C87600FD89A3 /* Info.plist */,
				37D7B6BB1F45C9BD00FD89A3 /* DemoView.swift */,
			);
			path = BezierPathDemo;
			sourceTree = "<group>";
		};
/* End PBXGroup section */

/* Begin PBXNativeTarget section */
		37D7B6A51F45C87600FD89A3 /* BezierPathDemo */ = {
			isa = PBXNativeTarget;
			buildConfigurationList = 37D7B6B81F45C87600FD89A3 /* Build configuration list for PBXNativeTarget "BezierPathDemo" */;
			buildPhases = (
				37D7B6A21F45C87600FD89A3 /* Sources */,
				37D7B6A31F45C87600FD89A3 /* Frameworks */,
				37D7B6A41F45C87600FD89A3 /* Resources */,
			);
			buildRules = (
			);
			dependencies = (
			);
			name = BezierPathDemo;
			productName = BezierPathDemo;
			productReference = 37D7B6A61F45C87600FD89A3 /* BezierPathDemo.app */;
			productType = "com.apple.product-type.application";
		};
/* End PBXNativeTarget section */

/* Begin PBXProject section */
		37D7B69E1F45C87600FD89A3 /* Project object */ = {
			isa = PBXProject;
			attributes = {
				LastSwiftUpdateCheck = 0830;
				LastUpgradeCheck = 0830;
				ORGANIZATIONNAME = vrat28;
				TargetAttributes = {
					37D7B6A51F45C87600FD89A3 = {
						CreatedOnToolsVersion = 8.3;
						DevelopmentTeam = 5XUW2EJ8TL;
						ProvisioningStyle = Automatic;
					};
				};
			};
			buildConfigurationList = 37D7B6A11F45C87600FD89A3 /* Build configuration list for PBXProject "BezierPathDemo" */;
			compatibilityVersion = "Xcode 3.2";
			developmentRegion = English;
			hasScannedForEncodings = 0;
			knownRegions = (
				en,
				Base,
			);
			mainGroup = 37D7B69D1F45C87600FD89A3;
			productRefGroup = 37D7B6A71F45C87600FD89A3 /* Products */;
			projectDirPath = "";
			projectRoot = "";
			targets = (
				37D7B6A51F45C87600FD89A3 /* BezierPathDemo */,
			);
		};
/* End PBXProject section */

/* Begin PBXResourcesBuildPhase section */
		37D7B6A41F45C87600FD89A3 /* Resources */ = {
			isa = PBXResourcesBuildPhase;
			buildActionMask = 2147483647;
			files = (
				37D7B6B41F45C87600FD89A3 /* LaunchScreen.storyboard in Resources */,
				37D7B6B11F45C87600FD89A3 /* Assets.xcassets in Resources */,
				37D7B6AF1F45C87600FD89A3 /* Main.storyboard in Resources */,
			);
			runOnlyForDeploymentPostprocessing = 0;
		};
/* End PBXResourcesBuildPhase section */

/* Begin PBXSourcesBuildPhase section */
		37D7B6A21F45C87600FD89A3 /* Sources */ = {
			isa = PBXSourcesBuildPhase;
			buildActionMask = 2147483647;
			files = (
				37D7B6AC1F45C87600FD89A3 /* ViewController.swift in Sources */,
				37D7B6BC1F45C9BD00FD89A3 /* DemoView.swift in Sources */,
				37D7B6AA1F45C87600FD89A3 /* AppDelegate.swift in Sources */,
			);
			runOnlyForDeploymentPostprocessing = 0;
		};
/* End PBXSourcesBuildPhase section */

/* Begin PBXVariantGroup section */
		37D7B6AD1F45C87600FD89A3 /* Main.storyboard */ = {
			isa = PBXVariantGroup;
			children = (
				37D7B6AE1F45C87600FD89A3 /* Base */,
			);
			name = Main.storyboard;
			sourceTree = "<group>";
		};
		37D7B6B21F45C87600FD89A3 /* LaunchScreen.storyboard */ = {
			isa = PBXVariantGroup;
			children = (
				37D7B6B31F45C87600FD89A3 /* Base */,
			);
			name = LaunchScreen.storyboard;
			sourceTree = "<group>";
		};
/* End PBXVariantGroup section */

/* Begin XCBuildConfiguration section */
		37D7B6B61F45C87600FD89A3 /* Debug */ = {
			isa = XCBuildConfiguration;
			buildSettings = {
				ALWAYS_SEARCH_USER_PATHS = NO;
				CLANG_ANALYZER_NONNULL = YES;
				CLANG_ANALYZER_NUMBER_OBJECT_CONVERSION = YES_AGGRESSIVE;
				CLANG_CXX_LANGUAGE_STANDARD = "gnu++0x";
				CLANG_CXX_LIBRARY = "libc++";
				CLANG_ENABLE_MODULES = YES;
				CLANG_ENABLE_OBJC_ARC = YES;
				CLANG_WARN_BOOL_CONVERSION = YES;
				CLANG_WARN_CONSTANT_CONVERSION = YES;
				CLANG_WARN_DIRECT_OBJC_ISA_USAGE = YES_ERROR;
				CLANG_WARN_DOCUMENTATION_COMMENTS = YES;
				CLANG_WARN_EMPTY_BODY = YES;
				CLANG_WARN_ENUM_CONVERSION = YES;
				CLANG_WARN_INFINITE_RECURSION = YES;
				CLANG_WARN_INT_CONVERSION = YES;
				CLANG_WARN_OBJC_ROOT_CLASS = YES_ERROR;
				CLANG_WARN_SUSPICIOUS_MOVE = YES;
				CLANG_WARN_UNREACHABLE_CODE = YES;
				CLANG_WARN__DUPLICATE_METHOD_MATCH = YES;
				"CODE_SIGN_IDENTITY[sdk=iphoneos*]" = "iPhone Developer";
				COPY_PHASE_STRIP = NO;
				DEBUG_INFORMATION_FORMAT = dwarf;
				ENABLE_STRICT_OBJC_MSGSEND = YES;
				ENABLE_TESTABILITY = YES;
				GCC_C_LANGUAGE_STANDARD = gnu99;
				GCC_DYNAMIC_NO_PIC = NO;
				GCC_NO_COMMON_BLOCKS = YES;
				GCC_OPTIMIZATION_LEVEL = 0;
				GCC_PREPROCESSOR_DEFINITIONS = (
					"DEBUG=1",
					"$(inherited)",
				);
				GCC_WARN_64_TO_32_BIT_CONVERSION = YES;
				GCC_WARN_ABOUT_RETURN_TYPE = YES_ERROR;
				GCC_WARN_UNDECLARED_SELECTOR = YES;
				GCC_WARN_UNINITIALIZED_AUTOS = YES_AGGRESSIVE;
				GCC_WARN_UNUSED_FUNCTION = YES;
				GCC_WARN_UNUSED_VARIABLE = YES;
				IPHONEOS_DEPLOYMENT_TARGET = 10.3;
				MTL_ENABLE_DEBUG_INFO = YES;
				ONLY_ACTIVE_ARCH = YES;
				SDKROOT = iphoneos;
				SWIFT_ACTIVE_COMPILATION_CONDITIONS = DEBUG;
				SWIFT_OPTIMIZATION_LEVEL = "-Onone";
			};
			name = Debug;
		};
		37D7B6B71F45C87600FD89A3 /* Release */ = {
			isa = XCBuildConfiguration;
			buildSettings = {
				ALWAYS_SEARCH_USER_PATHS = NO;
				CLANG_ANALYZER_NONNULL = YES;
				CLANG_ANALYZER_NUMBER_OBJECT_CONVERSION = YES_AGGRESSIVE;
				CLANG_CXX_LANGUAGE_STANDARD = "gnu++0x";
				CLANG_CXX_LIBRARY = "libc++";
				CLANG_ENABLE_MODULES = YES;
				CLANG_ENABLE_OBJC_ARC = YES;
				CLANG_WARN_BOOL_CONVERSION = YES;
				CLANG_WARN_CONSTANT_CONVERSION = YES;
				CLANG_WARN_DIRECT_OBJC_ISA_USAGE = YES_ERROR;
				CLANG_WARN_DOCUMENTATION_COMMENTS = YES;
				CLANG_WARN_EMPTY_BODY = YES;
				CLANG_WARN_ENUM_CONVERSION = YES;
				CLANG_WARN_INFINITE_RECURSION = YES;
				CLANG_WARN_INT_CONVERSION = YES;
				CLANG_WARN_OBJC_ROOT_CLASS = YES_ERROR;
				CLANG_WARN_SUSPICIOUS_MOVE = YES;
				CLANG_WARN_UNREACHABLE_CODE = YES;
				CLANG_WARN__DUPLICATE_METHOD_MATCH = YES;
				"CODE_SIGN_IDENTITY[sdk=iphoneos*]" = "iPhone Developer";
				COPY_PHASE_STRIP = NO;
				DEBUG_INFORMATION_FORMAT = "dwarf-with-dsym";
				ENABLE_NS_ASSERTIONS = NO;
				ENABLE_STRICT_OBJC_MSGSEND = YES;
				GCC_C_LANGUAGE_STANDARD = gnu99;
				GCC_NO_COMMON_BLOCKS = YES;
				GCC_WARN_64_TO_32_BIT_CONVERSION = YES;
				GCC_WARN_ABOUT_RETURN_TYPE = YES_ERROR;
				GCC_WARN_UNDECLARED_SELECTOR = YES;
				GCC_WARN_UNINITIALIZED_AUTOS = YES_AGGRESSIVE;
				GCC_WARN_UNUSED_FUNCTION = YES;
				GCC_WARN_UNUSED_VARIABLE = YES;
				IPHONEOS_DEPLOYMENT_TARGET = 10.3;
				MTL_ENABLE_DEBUG_INFO = NO;
				SDKROOT = iphoneos;
				SWIFT_OPTIMIZATION_LEVEL = "-Owholemodule";
				VALIDATE_PRODUCT = YES;
			};
			name = Release;
		};
		37D7B6B91F45C87600FD89A3 /* Debug */ = {
			isa = XCBuildConfiguration;
			buildSettings = {
				ASSETCATALOG_COMPILER_APPICON_NAME = AppIcon;
				DEVELOPMENT_TEAM = 5XUW2EJ8TL;
				INFOPLIST_FILE = BezierPathDemo/Info.plist;
				LD_RUNPATH_SEARCH_PATHS = "$(inherited) @executable_path/Frameworks";
				PRODUCT_BUNDLE_IDENTIFIER = com.vrat28.BezierPathDemo;
				PRODUCT_NAME = "$(TARGET_NAME)";
				SWIFT_VERSION = 3.0;
			};
			name = Debug;
		};
		37D7B6BA1F45C87600FD89A3 /* Release */ = {
			isa = XCBuildConfiguration;
			buildSettings = {
				ASSETCATALOG_COMPILER_APPICON_NAME = AppIcon;
				DEVELOPMENT_TEAM = 5XUW2EJ8TL;
				INFOPLIST_FILE = BezierPathDemo/Info.plist;
				LD_RUNPATH_SEARCH_PATHS = "$(inherited) @executable_path/Frameworks";
				PRODUCT_BUNDLE_IDENTIFIER = com.vrat28.BezierPathDemo;
				PRODUCT_NAME = "$(TARGET_NAME)";
				SWIFT_VERSION = 3.0;
			};
			name = Release;
		};
/* End XCBuildConfiguration section */

/* Begin XCConfigurationList section */
		37D7B6A11F45C87600FD89A3 /* Build configuration list for PBXProject "BezierPathDemo" */ = {
			isa = XCConfigurationList;
			buildConfigurations = (
				37D7B6B61F45C87600FD89A3 /* Debug */,
				37D7B6B71F45C87600FD89A3 /* Release */,
			);
			defaultConfigurationIsVisible = 0;
			defaultConfigurationName = Release;
		};
		37D7B6B81F45C87600FD89A3 /* Build configuration list for PBXNativeTarget "BezierPathDemo" */ = {
			isa = XCConfigurationList;
			buildConfigurations = (
				37D7B6B91F45C87600FD89A3 /* Debug */,
				37D7B6BA1F45C87600FD89A3 /* Release */,
			);
			defaultConfigurationIsVisible = 0;
		};
/* End XCConfigurationList section */
	};
	rootObject = 37D7B69E1F45C87600FD89A3 /* Project object */;
}
